
Microsoft Visual Studio Solution File, Format Version 12.00
# Visual Studio Version 16
VisualStudioVersion = 16.0.30621.155
MinimumVisualStudioVersion = 10.0.40219.1
Project("{8BC9CEB8-8B4A-11D0-8D11-00A0C91BC942}") = "interface3", "interface3\interface3.vcxproj", "{43AAD704-D7D4-4750-B9DD-D64A0DAD12C2}"
EndProject
Global
	GlobalSection(SolutionConfigurationPlatforms) = preSolution
		Debug|x64 = Debug|x64
		Debug|x86 = Debug|x86
		Release|x64 = Release|x64
		Release|x86 = Release|x86
	EndGlobalSection
	GlobalSection(ProjectConfigurationPlatforms) = postSolution
		{43AAD704-D7D4-4750-B9DD-D64A0DAD12C2}.Debug|x64.ActiveCfg = Debug|x64
		{43AAD704-D7D4-4750-B9DD-D64A0DAD12C2}.Debug|x64.Build.0 = Debug|x64
		{43AAD704-D7D4-4750-B9DD-D64A0DAD12C2}.Debug|x86.ActiveCfg = Debug|Win32
		{43AAD704-D7D4-4750-B9DD-D64A0DAD12C2}.Debug|x86.Build.0 = Debug|Win32
		{43AAD704-D7D4-4750-B9DD-D64A0DAD12C2}.Release|x64.ActiveCfg = Release|x64
		{43AAD704-D7D4-4750-B9DD-D64A0DAD12C2}.Release|x64.Build.0 = Release|x64
		{43AAD704-D7D4-4750-B9DD-D64A0DAD12C2}.Release|x86.ActiveCfg = Release|Win32
		{43AAD704-D7D4-4750-B9DD-D64A0DAD12C2}.Release|x86.Build.0 = Release|Win32
	EndGlobalSection
	GlobalSection(SolutionProperties) = preSolution
		HideSolutionNode = FALSE
	EndGlobalSection
	GlobalSection(ExtensibilityGlobals) = postSolution
		SolutionGuid = {32E30F4F-16E3-4A8D-BC00-AE7DD8193522}
	EndGlobalSection
EndGlobal
